// !$*UTF8*$!
{
	archiveVersion = 1;
	classes = {
	};
	objectVersion = 46;
	objects = {

/* Begin PBXBuildFile section */
		E3EBE3CB16513E7A0081A4A6 /* Cocoa.framework in Frameworks */ = {isa = PBXBuildFile; fileRef = E3EBE3CA16513E7A0081A4A6 /* Cocoa.framework */; };
		E3EBE3D516513E7A0081A4A6 /* InfoPlist.strings in Resources */ = {isa = PBXBuildFile; fileRef = E3EBE3D316513E7A0081A4A6 /* InfoPlist.strings */; };
		E3EBE3F016513EAF0081A4A6 /* CSPrefferencesManager.m in Sources */ = {isa = PBXBuildFile; fileRef = E3EBE3EB16513EAF0081A4A6 /* CSPrefferencesManager.m */; };
		E3EBE3F116513EAF0081A4A6 /* iOSScreenShotHelperLoader.m in Sources */ = {isa = PBXBuildFile; fileRef = E3EBE3ED16513EAF0081A4A6 /* iOSScreenShotHelperLoader.m */; };
		E3EBE3F216513EAF0081A4A6 /* SSHelper.m in Sources */ = {isa = PBXBuildFile; fileRef = E3EBE3EF16513EAF0081A4A6 /* SSHelper.m */; };
		E3EBE3F716513F9F0081A4A6 /* QuartzCore.framework in Frameworks */ = {isa = PBXBuildFile; fileRef = E3EBE3F516513F5E0081A4A6 /* QuartzCore.framework */; };
/* End PBXBuildFile section */

/* Begin PBXFileReference section */
		E3EBE3C716513E7A0081A4A6 /* iOSScreenShotHelper.bundle */ = {isa = PBXFileReference; explicitFileType = wrapper.cfbundle; includeInIndex = 0; path = iOSScreenShotHelper.bundle; sourceTree = BUILT_PRODUCTS_DIR; };
		E3EBE3CA16513E7A0081A4A6 /* Cocoa.framework */ = {isa = PBXFileReference; lastKnownFileType = wrapper.framework; name = Cocoa.framework; path = System/Library/Frameworks/Cocoa.framework; sourceTree = SDKROOT; };
		E3EBE3CD16513E7A0081A4A6 /* AppKit.framework */ = {isa = PBXFileReference; lastKnownFileType = wrapper.framework; name = AppKit.framework; path = System/Library/Frameworks/AppKit.framework; sourceTree = SDKROOT; };
		E3EBE3CE16513E7A0081A4A6 /* CoreData.framework */ = {isa = PBXFileReference; lastKnownFileType = wrapper.framework; name = CoreData.framework; path = System/Library/Frameworks/CoreData.framework; sourceTree = SDKROOT; };
		E3EBE3CF16513E7A0081A4A6 /* Foundation.framework */ = {isa = PBXFileReference; lastKnownFileType = wrapper.framework; name = Foundation.framework; path = System/Library/Frameworks/Foundation.framework; sourceTree = SDKROOT; };
		E3EBE3D216513E7A0081A4A6 /* iOSScreenShotHelper-Info.plist */ = {isa = PBXFileReference; lastKnownFileType = text.plist.xml; path = "iOSScreenShotHelper-Info.plist"; sourceTree = "<group>"; };
		E3EBE3D416513E7A0081A4A6 /* en */ = {isa = PBXFileReference; lastKnownFileType = text.plist.strings; name = en; path = en.lproj/InfoPlist.strings; sourceTree = "<group>"; };
		E3EBE3D616513E7A0081A4A6 /* iOSScreenShotHelper-Prefix.pch */ = {isa = PBXFileReference; lastKnownFileType = sourcecode.c.h; path = "iOSScreenShotHelper-Prefix.pch"; sourceTree = "<group>"; };
		E3EBE3EA16513EAF0081A4A6 /* CSPrefferencesManager.h */ = {isa = PBXFileReference; fileEncoding = 4; lastKnownFileType = sourcecode.c.h; path = CSPrefferencesManager.h; sourceTree = "<group>"; };
		E3EBE3EB16513EAF0081A4A6 /* CSPrefferencesManager.m */ = {isa = PBXFileReference; fileEncoding = 4; lastKnownFileType = sourcecode.c.objc; path = CSPrefferencesManager.m; sourceTree = "<group>"; };
		E3EBE3EC16513EAF0081A4A6 /* iOSScreenShotHelperLoader.h */ = {isa = PBXFileReference; fileEncoding = 4; lastKnownFileType = sourcecode.c.h; path = iOSScreenShotHelperLoader.h; sourceTree = "<group>"; };
		E3EBE3ED16513EAF0081A4A6 /* iOSScreenShotHelperLoader.m */ = {isa = PBXFileReference; fileEncoding = 4; lastKnownFileType = sourcecode.c.objc; path = iOSScreenShotHelperLoader.m; sourceTree = "<group>"; };
		E3EBE3EE16513EAF0081A4A6 /* SSHelper.h */ = {isa = PBXFileReference; fileEncoding = 4; lastKnownFileType = sourcecode.c.h; path = SSHelper.h; sourceTree = "<group>"; };
		E3EBE3EF16513EAF0081A4A6 /* SSHelper.m */ = {isa = PBXFileReference; fileEncoding = 4; lastKnownFileType = sourcecode.c.objc; path = SSHelper.m; sourceTree = "<group>"; };
		E3EBE3F416513EDC0081A4A6 /* iOS.h */ = {isa = PBXFileReference; fileEncoding = 4; lastKnownFileType = sourcecode.c.h; path = iOS.h; sourceTree = "<group>"; };
		E3EBE3F516513F5E0081A4A6 /* QuartzCore.framework */ = {isa = PBXFileReference; lastKnownFileType = wrapper.framework; name = QuartzCore.framework; path = System/Library/Frameworks/QuartzCore.framework; sourceTree = SDKROOT; };
/* End PBXFileReference section */

/* Begin PBXFrameworksBuildPhase section */
		E3EBE3C416513E7A0081A4A6 /* Frameworks */ = {
			isa = PBXFrameworksBuildPhase;
			buildActionMask = 2147483647;
			files = (
				E3EBE3CB16513E7A0081A4A6 /* Cocoa.framework in Frameworks */,
				E3EBE3F716513F9F0081A4A6 /* QuartzCore.framework in Frameworks */,
			);
			runOnlyForDeploymentPostprocessing = 0;
		};
/* End PBXFrameworksBuildPhase section */

/* Begin PBXGroup section */
		E3EBE3BC16513E7A0081A4A6 = {
			isa = PBXGroup;
			children = (
				E3EBE3D016513E7A0081A4A6 /* iOSScreenShotHelper */,
				E3EBE3C916513E7A0081A4A6 /* Frameworks */,
				E3EBE3C816513E7A0081A4A6 /* Products */,
			);
			sourceTree = "<group>";
		};
		E3EBE3C816513E7A0081A4A6 /* Products */ = {
			isa = PBXGroup;
			children = (
				E3EBE3C716513E7A0081A4A6 /* iOSScreenShotHelper.bundle */,
			);
			name = Products;
			sourceTree = "<group>";
		};
		E3EBE3C916513E7A0081A4A6 /* Frameworks */ = {
			isa = PBXGroup;
			children = (
				E3EBE3CA16513E7A0081A4A6 /* Cocoa.framework */,
				E3EBE3CC16513E7A0081A4A6 /* Other Frameworks */,
			);
			name = Frameworks;
			sourceTree = "<group>";
		};
		E3EBE3CC16513E7A0081A4A6 /* Other Frameworks */ = {
			isa = PBXGroup;
			children = (
				E3EBE3F516513F5E0081A4A6 /* QuartzCore.framework */,
				E3EBE3CD16513E7A0081A4A6 /* AppKit.framework */,
				E3EBE3CE16513E7A0081A4A6 /* CoreData.framework */,
				E3EBE3CF16513E7A0081A4A6 /* Foundation.framework */,
			);
			name = "Other Frameworks";
			sourceTree = "<group>";
		};
		E3EBE3D016513E7A0081A4A6 /* iOSScreenShotHelper */ = {
			isa = PBXGroup;
			children = (
				E3EBE3F316513EDC0081A4A6 /* Other */,
				E3EBE3E916513EAF0081A4A6 /* Classes */,
				E3EBE3D116513E7A0081A4A6 /* Supporting Files */,
			);
			path = iOSScreenShotHelper;
			sourceTree = "<group>";
		};
		E3EBE3D116513E7A0081A4A6 /* Supporting Files */ = {
			isa = PBXGroup;
			children = (
				E3EBE3D216513E7A0081A4A6 /* iOSScreenShotHelper-Info.plist */,
				E3EBE3D316513E7A0081A4A6 /* InfoPlist.strings */,
				E3EBE3D616513E7A0081A4A6 /* iOSScreenShotHelper-Prefix.pch */,
			);
			name = "Supporting Files";
			sourceTree = "<group>";
		};
		E3EBE3E916513EAF0081A4A6 /* Classes */ = {
			isa = PBXGroup;
			children = (
				E3EBE3EA16513EAF0081A4A6 /* CSPrefferencesManager.h */,
				E3EBE3EB16513EAF0081A4A6 /* CSPrefferencesManager.m */,
				E3EBE3EC16513EAF0081A4A6 /* iOSScreenShotHelperLoader.h */,
				E3EBE3ED16513EAF0081A4A6 /* iOSScreenShotHelperLoader.m */,
				E3EBE3EE16513EAF0081A4A6 /* SSHelper.h */,
				E3EBE3EF16513EAF0081A4A6 /* SSHelper.m */,
			);
			path = Classes;
			sourceTree = "<group>";
		};
		E3EBE3F316513EDC0081A4A6 /* Other */ = {
			isa = PBXGroup;
			children = (
				E3EBE3F416513EDC0081A4A6 /* iOS.h */,
			);
			path = Other;
			sourceTree = "<group>";
		};
/* End PBXGroup section */

/* Begin PBXNativeTarget section */
		E3EBE3C616513E7A0081A4A6 /* iOSScreenShotHelper */ = {
			isa = PBXNativeTarget;
			buildConfigurationList = E3EBE3D916513E7A0081A4A6 /* Build configuration list for PBXNativeTarget "iOSScreenShotHelper" */;
			buildPhases = (
				E3EBE3C316513E7A0081A4A6 /* Sources */,
				E3EBE3C416513E7A0081A4A6 /* Frameworks */,
				E3EBE3C516513E7A0081A4A6 /* Resources */,
			);
			buildRules = (
			);
			dependencies = (
			);
			name = iOSScreenShotHelper;
			productName = iOSScreenShotHelper;
			productReference = E3EBE3C716513E7A0081A4A6 /* iOSScreenShotHelper.bundle */;
			productType = "com.apple.product-type.bundle";
		};
/* End PBXNativeTarget section */

/* Begin PBXProject section */
		E3EBE3BE16513E7A0081A4A6 /* Project object */ = {
			isa = PBXProject;
			attributes = {
				LastUpgradeCheck = 0450;
				ORGANIZATIONNAME = "Tatsuya Zushi";
			};
			buildConfigurationList = E3EBE3C116513E7A0081A4A6 /* Build configuration list for PBXProject "iOSScreenShotHelper" */;
			compatibilityVersion = "Xcode 3.2";
			developmentRegion = English;
			hasScannedForEncodings = 0;
			knownRegions = (
				en,
			);
			mainGroup = E3EBE3BC16513E7A0081A4A6;
			productRefGroup = E3EBE3C816513E7A0081A4A6 /* Products */;
			projectDirPath = "";
			projectRoot = "";
			targets = (
				E3EBE3C616513E7A0081A4A6 /* iOSScreenShotHelper */,
			);
		};
/* End PBXProject section */

/* Begin PBXResourcesBuildPhase section */
		E3EBE3C516513E7A0081A4A6 /* Resources */ = {
			isa = PBXResourcesBuildPhase;
			buildActionMask = 2147483647;
			files = (
				E3EBE3D516513E7A0081A4A6 /* InfoPlist.strings in Resources */,
			);
			runOnlyForDeploymentPostprocessing = 0;
		};
/* End PBXResourcesBuildPhase section */

/* Begin PBXSourcesBuildPhase section */
		E3EBE3C316513E7A0081A4A6 /* Sources */ = {
			isa = PBXSourcesBuildPhase;
			buildActionMask = 2147483647;
			files = (
				E3EBE3F016513EAF0081A4A6 /* CSPrefferencesManager.m in Sources */,
				E3EBE3F116513EAF0081A4A6 /* iOSScreenShotHelperLoader.m in Sources */,
				E3EBE3F216513EAF0081A4A6 /* SSHelper.m in Sources */,
			);
			runOnlyForDeploymentPostprocessing = 0;
		};
/* End PBXSourcesBuildPhase section */

/* Begin PBXVariantGroup section */
		E3EBE3D316513E7A0081A4A6 /* InfoPlist.strings */ = {
			isa = PBXVariantGroup;
			children = (
				E3EBE3D416513E7A0081A4A6 /* en */,
			);
			name = InfoPlist.strings;
			sourceTree = "<group>";
		};
/* End PBXVariantGroup section */

/* Begin XCBuildConfiguration section */
		E3EBE3D716513E7A0081A4A6 /* Debug */ = {
			isa = XCBuildConfiguration;
			buildSettings = {
				ALWAYS_SEARCH_USER_PATHS = NO;
				ARCHS = "$(ARCHS_STANDARD_64_BIT)";
				CLANG_CXX_LANGUAGE_STANDARD = "gnu++0x";
				CLANG_CXX_LIBRARY = "libc++";
				CLANG_WARN_EMPTY_BODY = YES;
				CLANG_WARN__DUPLICATE_METHOD_MATCH = YES;
				COPY_PHASE_STRIP = NO;
				GCC_C_LANGUAGE_STANDARD = gnu99;
				GCC_DYNAMIC_NO_PIC = NO;
				GCC_ENABLE_OBJC_EXCEPTIONS = YES;
				GCC_OPTIMIZATION_LEVEL = 0;
				GCC_PREPROCESSOR_DEFINITIONS = (
					"DEBUG=1",
					"$(inherited)",
				);
				GCC_SYMBOLS_PRIVATE_EXTERN = NO;
				GCC_WARN_64_TO_32_BIT_CONVERSION = YES;
				GCC_WARN_ABOUT_RETURN_TYPE = YES;
				GCC_WARN_UNINITIALIZED_AUTOS = YES;
				GCC_WARN_UNUSED_VARIABLE = YES;
				MACOSX_DEPLOYMENT_TARGET = 10.8;
				ONLY_ACTIVE_ARCH = YES;
				SDKROOT = macosx;
			};
			name = Debug;
		};
		E3EBE3D816513E7A0081A4A6 /* Release */ = {
			isa = XCBuildConfiguration;
			buildSettings = {
				ALWAYS_SEARCH_USER_PATHS = NO;
				ARCHS = "$(ARCHS_STANDARD_64_BIT)";
				CLANG_CXX_LANGUAGE_STANDARD = "gnu++0x";
				CLANG_CXX_LIBRARY = "libc++";
				CLANG_WARN_EMPTY_BODY = YES;
				CLANG_WARN__DUPLICATE_METHOD_MATCH = YES;
				COPY_PHASE_STRIP = YES;
				DEBUG_INFORMATION_FORMAT = "dwarf-with-dsym";
				GCC_C_LANGUAGE_STANDARD = gnu99;
				GCC_ENABLE_OBJC_EXCEPTIONS = YES;
				GCC_WARN_64_TO_32_BIT_CONVERSION = YES;
				GCC_WARN_ABOUT_RETURN_TYPE = YES;
				GCC_WARN_UNINITIALIZED_AUTOS = YES;
				GCC_WARN_UNUSED_VARIABLE = YES;
				MACOSX_DEPLOYMENT_TARGET = 10.8;
				SDKROOT = macosx;
			};
			name = Release;
		};
		E3EBE3DA16513E7A0081A4A6 /* Debug */ = {
			isa = XCBuildConfiguration;
			buildSettings = {
				COMBINE_HIDPI_IMAGES = YES;
				GCC_PRECOMPILE_PREFIX_HEADER = YES;
				GCC_PREFIX_HEADER = "iOSScreenShotHelper/iOSScreenShotHelper-Prefix.pch";
				INFOPLIST_FILE = "iOSScreenShotHelper/iOSScreenShotHelper-Info.plist";
				INSTALL_PATH = "$(LOCAL_LIBRARY_DIR)/Bundles";
				PRODUCT_NAME = "$(TARGET_NAME)";
				WRAPPER_EXTENSION = bundle;
			};
			name = Debug;
		};
		E3EBE3DB16513E7A0081A4A6 /* Release */ = {
			isa = XCBuildConfiguration;
			buildSettings = {
				COMBINE_HIDPI_IMAGES = YES;
				GCC_PRECOMPILE_PREFIX_HEADER = YES;
				GCC_PREFIX_HEADER = "iOSScreenShotHelper/iOSScreenShotHelper-Prefix.pch";
				INFOPLIST_FILE = "iOSScreenShotHelper/iOSScreenShotHelper-Info.plist";
				INSTALL_PATH = "$(LOCAL_LIBRARY_DIR)/Bundles";
				PRODUCT_NAME = "$(TARGET_NAME)";
				WRAPPER_EXTENSION = bundle;
			};
			name = Release;
		};
/* End XCBuildConfiguration section */

/* Begin XCConfigurationList section */
		E3EBE3C116513E7A0081A4A6 /* Build configuration list for PBXProject "iOSScreenShotHelper" */ = {
			isa = XCConfigurationList;
			buildConfigurations = (
				E3EBE3D716513E7A0081A4A6 /* Debug */,
				E3EBE3D816513E7A0081A4A6 /* Release */,
			);
			defaultConfigurationIsVisible = 0;
			defaultConfigurationName = Release;
		};
		E3EBE3D916513E7A0081A4A6 /* Build configuration list for PBXNativeTarget "iOSScreenShotHelper" */ = {
			isa = XCConfigurationList;
			buildConfigurations = (
				E3EBE3DA16513E7A0081A4A6 /* Debug */,
				E3EBE3DB16513E7A0081A4A6 /* Release */,
			);
			defaultConfigurationIsVisible = 0;
		};
/* End XCConfigurationList section */
	};
	rootObject = E3EBE3BE16513E7A0081A4A6 /* Project object */;
}
